
Microsoft Visual Studio Solution File, Format Version 12.00
# Visual Studio Version 16
VisualStudioVersion = 16.0.30204.135
MinimumVisualStudioVersion = 10.0.40219.1
Project("{FAE04EC0-301F-11D3-BF4B-00C04F79EFBC}") = "ApsiyonCalculator", "ApsiyonCalculator\ApsiyonCalculator.csproj", "{8488E146-901D-4FCC-BDF6-2BDBF5C08008}"
EndProject
Global
	GlobalSection(SolutionConfigurationPlatforms) = preSolution
		Debug|Any CPU = Debug|Any CPU
		Release|Any CPU = Release|Any CPU
	EndGlobalSection
	GlobalSection(ProjectConfigurationPlatforms) = postSolution
		{8488E146-901D-4FCC-BDF6-2BDBF5C08008}.Debug|Any CPU.ActiveCfg = Debug|Any CPU
		{8488E146-901D-4FCC-BDF6-2BDBF5C08008}.Debug|Any CPU.Build.0 = Debug|Any CPU
		{8488E146-901D-4FCC-BDF6-2BDBF5C08008}.Release|Any CPU.ActiveCfg = Release|Any CPU
		{8488E146-901D-4FCC-BDF6-2BDBF5C08008}.Release|Any CPU.Build.0 = Release|Any CPU
	EndGlobalSection
	GlobalSection(SolutionProperties) = preSolution
		HideSolutionNode = FALSE
	EndGlobalSection
	GlobalSection(ExtensibilityGlobals) = postSolution
		SolutionGuid = {6AA573A4-6B56-45E3-8F39-9DC44FD012A3}
	EndGlobalSection
EndGlobal
